
Microsoft Visual Studio Solution File, Format Version 12.00
# Visual Studio Version 17
VisualStudioVersion = 17.2.32505.173
MinimumVisualStudioVersion = 10.0.40219.1
Project("{2150E333-8FDC-42A3-9474-1A3956D46DE8}") = "src", "src", "{AA6EF74B-8D9D-40FB-8D77-F141057BCC5E}"
EndProject
Project("{9A19103F-16F7-4668-BE54-9A1E7A4F7556}") = "KpiV3.Domain", "src\KpiV3.Domain\KpiV3.Domain.csproj", "{A14A1BD0-1951-4F5A-9252-C0485368BE9F}"
EndProject
Project("{9A19103F-16F7-4668-BE54-9A1E7A4F7556}") = "KpiV3.Infrastructure", "src\KpiV3.Infrastructure\KpiV3.Infrastructure.csproj", "{8B7C94CD-74B8-4925-B5C6-32CEFA6943D2}"
EndProject
Project("{9A19103F-16F7-4668-BE54-9A1E7A4F7556}") = "KpiV3.WebApi", "src\KpiV3.WebApi\KpiV3.WebApi.csproj", "{76D2ED51-2E7A-4FFB-BC6B-E2E2AB03832D}"
EndProject
Project("{E53339B2-1760-4266-BCC7-CA923CBCF16C}") = "docker-compose", "docker-compose.dcproj", "{10596A52-0AC6-4277-A571-4F532A529466}"
EndProject
Global
	GlobalSection(SolutionConfigurationPlatforms) = preSolution
		Debug|Any CPU = Debug|Any CPU
		Debug|x64 = Debug|x64
		Debug|x86 = Debug|x86
		Release|Any CPU = Release|Any CPU
		Release|x64 = Release|x64
		Release|x86 = Release|x86
	EndGlobalSection
	GlobalSection(ProjectConfigurationPlatforms) = postSolution
		{A14A1BD0-1951-4F5A-9252-C0485368BE9F}.Debug|Any CPU.ActiveCfg = Debug|Any CPU
		{A14A1BD0-1951-4F5A-9252-C0485368BE9F}.Debug|Any CPU.Build.0 = Debug|Any CPU
		{A14A1BD0-1951-4F5A-9252-C0485368BE9F}.Debug|x64.ActiveCfg = Debug|Any CPU
		{A14A1BD0-1951-4F5A-9252-C0485368BE9F}.Debug|x64.Build.0 = Debug|Any CPU
		{A14A1BD0-1951-4F5A-9252-C0485368BE9F}.Debug|x86.ActiveCfg = Debug|Any CPU
		{A14A1BD0-1951-4F5A-9252-C0485368BE9F}.Debug|x86.Build.0 = Debug|Any CPU
		{A14A1BD0-1951-4F5A-9252-C0485368BE9F}.Release|Any CPU.ActiveCfg = Release|Any CPU
		{A14A1BD0-1951-4F5A-9252-C0485368BE9F}.Release|Any CPU.Build.0 = Release|Any CPU
		{A14A1BD0-1951-4F5A-9252-C0485368BE9F}.Release|x64.ActiveCfg = Release|Any CPU
		{A14A1BD0-1951-4F5A-9252-C0485368BE9F}.Release|x64.Build.0 = Release|Any CPU
		{A14A1BD0-1951-4F5A-9252-C0485368BE9F}.Release|x86.ActiveCfg = Release|Any CPU
		{A14A1BD0-1951-4F5A-9252-C0485368BE9F}.Release|x86.Build.0 = Release|Any CPU
		{8B7C94CD-74B8-4925-B5C6-32CEFA6943D2}.Debug|Any CPU.ActiveCfg = Debug|Any CPU
		{8B7C94CD-74B8-4925-B5C6-32CEFA6943D2}.Debug|Any CPU.Build.0 = Debug|Any CPU
		{8B7C94CD-74B8-4925-B5C6-32CEFA6943D2}.Debug|x64.ActiveCfg = Debug|Any CPU
		{8B7C94CD-74B8-4925-B5C6-32CEFA6943D2}.Debug|x64.Build.0 = Debug|Any CPU
		{8B7C94CD-74B8-4925-B5C6-32CEFA6943D2}.Debug|x86.ActiveCfg = Debug|Any CPU
		{8B7C94CD-74B8-4925-B5C6-32CEFA6943D2}.Debug|x86.Build.0 = Debug|Any CPU
		{8B7C94CD-74B8-4925-B5C6-32CEFA6943D2}.Release|Any CPU.ActiveCfg = Release|Any CPU
		{8B7C94CD-74B8-4925-B5C6-32CEFA6943D2}.Release|Any CPU.Build.0 = Release|Any CPU
		{8B7C94CD-74B8-4925-B5C6-32CEFA6943D2}.Release|x64.ActiveCfg = Release|Any CPU
		{8B7C94CD-74B8-4925-B5C6-32CEFA6943D2}.Release|x64.Build.0 = Release|Any CPU
		{8B7C94CD-74B8-4925-B5C6-32CEFA6943D2}.Release|x86.ActiveCfg = Release|Any CPU
		{8B7C94CD-74B8-4925-B5C6-32CEFA6943D2}.Release|x86.Build.0 = Release|Any CPU
		{76D2ED51-2E7A-4FFB-BC6B-E2E2AB03832D}.Debug|Any CPU.ActiveCfg = Debug|Any CPU
		{76D2ED51-2E7A-4FFB-BC6B-E2E2AB03832D}.Debug|Any CPU.Build.0 = Debug|Any CPU
		{76D2ED51-2E7A-4FFB-BC6B-E2E2AB03832D}.Debug|x64.ActiveCfg = Debug|Any CPU
		{76D2ED51-2E7A-4FFB-BC6B-E2E2AB03832D}.Debug|x64.Build.0 = Debug|Any CPU
		{76D2ED51-2E7A-4FFB-BC6B-E2E2AB03832D}.Debug|x86.ActiveCfg = Debug|Any CPU
		{76D2ED51-2E7A-4FFB-BC6B-E2E2AB03832D}.Debug|x86.Build.0 = Debug|Any CPU
		{76D2ED51-2E7A-4FFB-BC6B-E2E2AB03832D}.Release|Any CPU.ActiveCfg = Release|Any CPU
		{76D2ED51-2E7A-4FFB-BC6B-E2E2AB03832D}.Release|Any CPU.Build.0 = Release|Any CPU
		{76D2ED51-2E7A-4FFB-BC6B-E2E2AB03832D}.Release|x64.ActiveCfg = Release|Any CPU
		{76D2ED51-2E7A-4FFB-BC6B-E2E2AB03832D}.Release|x64.Build.0 = Release|Any CPU
		{76D2ED51-2E7A-4FFB-BC6B-E2E2AB03832D}.Release|x86.ActiveCfg = Release|Any CPU
		{76D2ED51-2E7A-4FFB-BC6B-E2E2AB03832D}.Release|x86.Build.0 = Release|Any CPU
		{10596A52-0AC6-4277-A571-4F532A529466}.Debug|Any CPU.ActiveCfg = Debug|Any CPU
		{10596A52-0AC6-4277-A571-4F532A529466}.Debug|Any CPU.Build.0 = Debug|Any CPU
		{10596A52-0AC6-4277-A571-4F532A529466}.Debug|x64.ActiveCfg = Debug|Any CPU
		{10596A52-0AC6-4277-A571-4F532A529466}.Debug|x64.Build.0 = Debug|Any CPU
		{10596A52-0AC6-4277-A571-4F532A529466}.Debug|x86.ActiveCfg = Debug|Any CPU
		{10596A52-0AC6-4277-A571-4F532A529466}.Debug|x86.Build.0 = Debug|Any CPU
		{10596A52-0AC6-4277-A571-4F532A529466}.Release|Any CPU.ActiveCfg = Release|Any CPU
		{10596A52-0AC6-4277-A571-4F532A529466}.Release|Any CPU.Build.0 = Release|Any CPU
		{10596A52-0AC6-4277-A571-4F532A529466}.Release|x64.ActiveCfg = Release|Any CPU
		{10596A52-0AC6-4277-A571-4F532A529466}.Release|x64.Build.0 = Release|Any CPU
		{10596A52-0AC6-4277-A571-4F532A529466}.Release|x86.ActiveCfg = Release|Any CPU
		{10596A52-0AC6-4277-A571-4F532A529466}.Release|x86.Build.0 = Release|Any CPU
	EndGlobalSection
	GlobalSection(SolutionProperties) = preSolution
		HideSolutionNode = FALSE
	EndGlobalSection
	GlobalSection(NestedProjects) = preSolution
		{A14A1BD0-1951-4F5A-9252-C0485368BE9F} = {AA6EF74B-8D9D-40FB-8D77-F141057BCC5E}
		{8B7C94CD-74B8-4925-B5C6-32CEFA6943D2} = {AA6EF74B-8D9D-40FB-8D77-F141057BCC5E}
		{76D2ED51-2E7A-4FFB-BC6B-E2E2AB03832D} = {AA6EF74B-8D9D-40FB-8D77-F141057BCC5E}
	EndGlobalSection
	GlobalSection(ExtensibilityGlobals) = postSolution
		SolutionGuid = {FC646C3A-CC59-47E5-9CFE-145C5F02A7C5}
	EndGlobalSection
EndGlobal
